
Microsoft Visual Studio Solution File, Format Version 12.00
# Visual Studio Version 17
VisualStudioVersion = 17.0.31710.8
MinimumVisualStudioVersion = 10.0.40219.1
Project("{FAE04EC0-301F-11D3-BF4B-00C04F79EFBC}") = "ToDoWithDapr.API", "ToDoWithDapr.API\ToDoWithDapr.API.csproj", "{EF529EE1-1B3B-40FD-B279-81F4564FD963}"
EndProject
Project("{FAE04EC0-301F-11D3-BF4B-00C04F79EFBC}") = "ToDoWithDapr.App", "ToDoWithDapr.App\ToDoWithDapr.App.csproj", "{C86D657C-FB55-4EA9-9A0D-B599156026A0}"
EndProject
Project("{E53339B2-1760-4266-BCC7-CA923CBCF16C}") = "docker-compose", "docker-compose.dcproj", "{AA84A015-555C-45E5-BE5E-8B239340A846}"
EndProject
Global
	GlobalSection(SolutionConfigurationPlatforms) = preSolution
		Debug|Any CPU = Debug|Any CPU
		Release|Any CPU = Release|Any CPU
	EndGlobalSection
	GlobalSection(ProjectConfigurationPlatforms) = postSolution
		{EF529EE1-1B3B-40FD-B279-81F4564FD963}.Debug|Any CPU.ActiveCfg = Debug|Any CPU
		{EF529EE1-1B3B-40FD-B279-81F4564FD963}.Debug|Any CPU.Build.0 = Debug|Any CPU
		{EF529EE1-1B3B-40FD-B279-81F4564FD963}.Release|Any CPU.ActiveCfg = Release|Any CPU
		{EF529EE1-1B3B-40FD-B279-81F4564FD963}.Release|Any CPU.Build.0 = Release|Any CPU
		{C86D657C-FB55-4EA9-9A0D-B599156026A0}.Debug|Any CPU.ActiveCfg = Debug|Any CPU
		{C86D657C-FB55-4EA9-9A0D-B599156026A0}.Debug|Any CPU.Build.0 = Debug|Any CPU
		{C86D657C-FB55-4EA9-9A0D-B599156026A0}.Release|Any CPU.ActiveCfg = Release|Any CPU
		{C86D657C-FB55-4EA9-9A0D-B599156026A0}.Release|Any CPU.Build.0 = Release|Any CPU
		{AA84A015-555C-45E5-BE5E-8B239340A846}.Debug|Any CPU.ActiveCfg = Debug|Any CPU
		{AA84A015-555C-45E5-BE5E-8B239340A846}.Debug|Any CPU.Build.0 = Debug|Any CPU
		{AA84A015-555C-45E5-BE5E-8B239340A846}.Release|Any CPU.ActiveCfg = Release|Any CPU
		{AA84A015-555C-45E5-BE5E-8B239340A846}.Release|Any CPU.Build.0 = Release|Any CPU
	EndGlobalSection
	GlobalSection(SolutionProperties) = preSolution
		HideSolutionNode = FALSE
	EndGlobalSection
	GlobalSection(ExtensibilityGlobals) = postSolution
		SolutionGuid = {73E8D7D4-1B74-432E-8020-512C33C1D2E4}
	EndGlobalSection
EndGlobal
